
Microsoft Visual Studio Solution File, Format Version 12.00
# Visual Studio Version 16
VisualStudioVersion = 16.0.31613.86
MinimumVisualStudioVersion = 10.0.40219.1
Project("{FAE04EC0-301F-11D3-BF4B-00C04F79EFBC}") = "Les4", "Les4\Les4.csproj", "{C53EF9A7-3AAD-4DED-99EA-208AEEF2509F}"
EndProject
Global
	GlobalSection(SolutionConfigurationPlatforms) = preSolution
		Debug|Any CPU = Debug|Any CPU
		Release|Any CPU = Release|Any CPU
	EndGlobalSection
	GlobalSection(ProjectConfigurationPlatforms) = postSolution
		{C53EF9A7-3AAD-4DED-99EA-208AEEF2509F}.Debug|Any CPU.ActiveCfg = Debug|Any CPU
		{C53EF9A7-3AAD-4DED-99EA-208AEEF2509F}.Debug|Any CPU.Build.0 = Debug|Any CPU
		{C53EF9A7-3AAD-4DED-99EA-208AEEF2509F}.Release|Any CPU.ActiveCfg = Release|Any CPU
		{C53EF9A7-3AAD-4DED-99EA-208AEEF2509F}.Release|Any CPU.Build.0 = Release|Any CPU
	EndGlobalSection
	GlobalSection(SolutionProperties) = preSolution
		HideSolutionNode = FALSE
	EndGlobalSection
	GlobalSection(ExtensibilityGlobals) = postSolution
		SolutionGuid = {8DBF57A4-A1B9-46D7-8BD8-702E6450D49E}
	EndGlobalSection
EndGlobal
